
Microsoft Visual Studio Solution File, Format Version 12.00
# Visual Studio Version 17
VisualStudioVersion = 17.14.36203.30
MinimumVisualStudioVersion = 10.0.40219.1
Project("{2150E333-8FDC-42A3-9474-1A3956D46DE8}") = "Services", "Services", "{A2D63D6E-6D2C-45DD-A35B-418E3290A9AC}"
	ProjectSection(SolutionItems) = preProject
		types.json = types.json
	EndProjectSection
EndProject
Project("{2150E333-8FDC-42A3-9474-1A3956D46DE8}") = "Catalog", "Catalog", "{C97896A1-224D-4B96-B1BC-22E680BADE84}"
EndProject
Project("{9A19103F-16F7-4668-BE54-9A1E7A4F7556}") = "Catalog.API", "Services\Catalog\Catalog.API\Catalog.API.csproj", "{21CCF5D9-4B2C-46B8-88D3-EE78273A2182}"
EndProject
Project("{9A19103F-16F7-4668-BE54-9A1E7A4F7556}") = "Catalog.Application", "Services\Catalog\Catalog.Application\Catalog.Application.csproj", "{7CBCA3F6-8CD8-4637-A80D-3F5E1B1BD732}"
EndProject
Project("{9A19103F-16F7-4668-BE54-9A1E7A4F7556}") = "Catalog.Core", "Services\Catalog\Catalog.Core\Catalog.Core.csproj", "{3D8A4E2C-2AF2-4E26-B37E-257FC7F43C55}"
EndProject
Project("{E53339B2-1760-4266-BCC7-CA923CBCF16C}") = "docker-compose", "docker-compose.dcproj", "{81DDED9D-158B-E303-5F62-77A2896D2A5A}"
EndProject
Project("{2150E333-8FDC-42A3-9474-1A3956D46DE8}") = "Basket", "Basket", "{02EA681E-C7D8-13C7-8484-4AC65E1B71E8}"
EndProject
Project("{9A19103F-16F7-4668-BE54-9A1E7A4F7556}") = "Basket.API", "Services\Basket\Basket.API\Basket.API.csproj", "{EF8D3037-251E-4D01-9494-442145878AC3}"
EndProject
Project("{9A19103F-16F7-4668-BE54-9A1E7A4F7556}") = "Basket.Core", "Services\Basket\Basket.Core\Basket.Core.csproj", "{59795318-4770-4C57-92CA-B62140EDD86D}"
EndProject
Project("{9A19103F-16F7-4668-BE54-9A1E7A4F7556}") = "Basket.Application", "Services\Basket\Basket.Application\Basket.Application.csproj", "{1075D72E-0D87-4DD6-9D02-D03CCD4E3DC3}"
EndProject
Project("{9A19103F-16F7-4668-BE54-9A1E7A4F7556}") = "Basket.Infrastructure", "Services\Basket\Basket.Infrastructure\Basket.Infrastructure.csproj", "{6D694023-6FC5-48BA-8EEF-2450145E8882}"
EndProject
Project("{9A19103F-16F7-4668-BE54-9A1E7A4F7556}") = "Catalog.Infrastructure", "Services\Catalog\Catalog.Infrastructure\Catalog.Infrastructure.csproj", "{051D3E33-B79C-485A-BA62-0647DCE0A359}"
EndProject
Project("{2150E333-8FDC-42A3-9474-1A3956D46DE8}") = "Discount", "Discount", "{357D5C7D-1C7C-473F-BCED-B5E3CD470712}"
EndProject
Project("{9A19103F-16F7-4668-BE54-9A1E7A4F7556}") = "Discount.API", "Services\Discount\Discount.API\Discount.API.csproj", "{DC07CFA4-9BE1-4D4F-9C36-EB949BA27065}"
EndProject
Project("{9A19103F-16F7-4668-BE54-9A1E7A4F7556}") = "Discount.Core", "Services\Discount\Discount.Core\Discount.Core.csproj", "{46C6ADFB-6F5B-453B-9D4A-045B1332A3EA}"
EndProject
Project("{9A19103F-16F7-4668-BE54-9A1E7A4F7556}") = "Discount.Application", "Services\Discount\Discount.Application\Discount.Application.csproj", "{C17A3CF3-67BD-4BFA-9FE4-9B3F01A5BF9B}"
EndProject
Project("{9A19103F-16F7-4668-BE54-9A1E7A4F7556}") = "Discount.Infrastructure", "Services\Discount\Discount.Infrastructure\Discount.Infrastructure.csproj", "{36996D4B-2A1E-4560-A2B4-2C8B8BD36996}"
EndProject
Project("{2150E333-8FDC-42A3-9474-1A3956D46DE8}") = "Ordering", "Ordering", "{95D40E93-8A2F-4D76-882F-352A6B7CF666}"
EndProject
Project("{FAE04EC0-301F-11D3-BF4B-00C04F79EFBC}") = "Ordering.API", "Services\Ordering\Ordering.API\Ordering.API.csproj", "{1DCA1278-7CFB-442C-B24E-03ADFADE039F}"
EndProject
Project("{FAE04EC0-301F-11D3-BF4B-00C04F79EFBC}") = "Ordering.Application", "Services\Ordering\Ordering.Application\Ordering.Application.csproj", "{A963C9F5-0C1E-49E8-B5C0-AD2FBD4A3195}"
EndProject
Project("{FAE04EC0-301F-11D3-BF4B-00C04F79EFBC}") = "Ordering.Core", "Services\Ordering\Ordering.Core\Ordering.Core.csproj", "{2555E3D2-486A-4AF1-B860-8D2719A03228}"
EndProject
Project("{FAE04EC0-301F-11D3-BF4B-00C04F79EFBC}") = "Ordering.Infrastructure", "Services\Ordering\Ordering.Infrastructure\Ordering.Infrastructure.csproj", "{3CF85A7B-8CB3-44F6-A77D-F27C4087A9C6}"
EndProject
Project("{2150E333-8FDC-42A3-9474-1A3956D46DE8}") = "Infrastructure", "Infrastructure", "{69AE7A38-3AC2-451B-B324-63C170EE2231}"
EndProject
Project("{FAE04EC0-301F-11D3-BF4B-00C04F79EFBC}") = "EventBus.Messages", "Infrastructure\EventBus.Messages\EventBus.Messages.csproj", "{7A8A923E-801E-4D80-B8CA-85E22A1FC4B9}"
EndProject
Project("{FAE04EC0-301F-11D3-BF4B-00C04F79EFBC}") = "Common.Logging", "Infrastructure\Common.Logging\Common.Logging.csproj", "{6D202A8B-3C1D-49DA-A303-50CBE85A1396}"
EndProject
Global
	GlobalSection(SolutionConfigurationPlatforms) = preSolution
		Debug|Any CPU = Debug|Any CPU
		Release|Any CPU = Release|Any CPU
	EndGlobalSection
	GlobalSection(ProjectConfigurationPlatforms) = postSolution
		{21CCF5D9-4B2C-46B8-88D3-EE78273A2182}.Debug|Any CPU.ActiveCfg = Debug|Any CPU
		{21CCF5D9-4B2C-46B8-88D3-EE78273A2182}.Debug|Any CPU.Build.0 = Debug|Any CPU
		{21CCF5D9-4B2C-46B8-88D3-EE78273A2182}.Release|Any CPU.ActiveCfg = Release|Any CPU
		{21CCF5D9-4B2C-46B8-88D3-EE78273A2182}.Release|Any CPU.Build.0 = Release|Any CPU
		{7CBCA3F6-8CD8-4637-A80D-3F5E1B1BD732}.Debug|Any CPU.ActiveCfg = Debug|Any CPU
		{7CBCA3F6-8CD8-4637-A80D-3F5E1B1BD732}.Debug|Any CPU.Build.0 = Debug|Any CPU
		{7CBCA3F6-8CD8-4637-A80D-3F5E1B1BD732}.Release|Any CPU.ActiveCfg = Release|Any CPU
		{7CBCA3F6-8CD8-4637-A80D-3F5E1B1BD732}.Release|Any CPU.Build.0 = Release|Any CPU
		{3D8A4E2C-2AF2-4E26-B37E-257FC7F43C55}.Debug|Any CPU.ActiveCfg = Debug|Any CPU
		{3D8A4E2C-2AF2-4E26-B37E-257FC7F43C55}.Debug|Any CPU.Build.0 = Debug|Any CPU
		{3D8A4E2C-2AF2-4E26-B37E-257FC7F43C55}.Release|Any CPU.ActiveCfg = Release|Any CPU
		{3D8A4E2C-2AF2-4E26-B37E-257FC7F43C55}.Release|Any CPU.Build.0 = Release|Any CPU
		{81DDED9D-158B-E303-5F62-77A2896D2A5A}.Debug|Any CPU.ActiveCfg = Debug|Any CPU
		{81DDED9D-158B-E303-5F62-77A2896D2A5A}.Debug|Any CPU.Build.0 = Debug|Any CPU
		{81DDED9D-158B-E303-5F62-77A2896D2A5A}.Release|Any CPU.ActiveCfg = Release|Any CPU
		{81DDED9D-158B-E303-5F62-77A2896D2A5A}.Release|Any CPU.Build.0 = Release|Any CPU
		{EF8D3037-251E-4D01-9494-442145878AC3}.Debug|Any CPU.ActiveCfg = Debug|Any CPU
		{EF8D3037-251E-4D01-9494-442145878AC3}.Debug|Any CPU.Build.0 = Debug|Any CPU
		{EF8D3037-251E-4D01-9494-442145878AC3}.Release|Any CPU.ActiveCfg = Release|Any CPU
		{EF8D3037-251E-4D01-9494-442145878AC3}.Release|Any CPU.Build.0 = Release|Any CPU
		{59795318-4770-4C57-92CA-B62140EDD86D}.Debug|Any CPU.ActiveCfg = Debug|Any CPU
		{59795318-4770-4C57-92CA-B62140EDD86D}.Debug|Any CPU.Build.0 = Debug|Any CPU
		{59795318-4770-4C57-92CA-B62140EDD86D}.Release|Any CPU.ActiveCfg = Release|Any CPU
		{59795318-4770-4C57-92CA-B62140EDD86D}.Release|Any CPU.Build.0 = Release|Any CPU
		{1075D72E-0D87-4DD6-9D02-D03CCD4E3DC3}.Debug|Any CPU.ActiveCfg = Debug|Any CPU
		{1075D72E-0D87-4DD6-9D02-D03CCD4E3DC3}.Debug|Any CPU.Build.0 = Debug|Any CPU
		{1075D72E-0D87-4DD6-9D02-D03CCD4E3DC3}.Release|Any CPU.ActiveCfg = Release|Any CPU
		{1075D72E-0D87-4DD6-9D02-D03CCD4E3DC3}.Release|Any CPU.Build.0 = Release|Any CPU
		{6D694023-6FC5-48BA-8EEF-2450145E8882}.Debug|Any CPU.ActiveCfg = Debug|Any CPU
		{6D694023-6FC5-48BA-8EEF-2450145E8882}.Debug|Any CPU.Build.0 = Debug|Any CPU
		{6D694023-6FC5-48BA-8EEF-2450145E8882}.Release|Any CPU.ActiveCfg = Release|Any CPU
		{6D694023-6FC5-48BA-8EEF-2450145E8882}.Release|Any CPU.Build.0 = Release|Any CPU
		{051D3E33-B79C-485A-BA62-0647DCE0A359}.Debug|Any CPU.ActiveCfg = Debug|Any CPU
		{051D3E33-B79C-485A-BA62-0647DCE0A359}.Debug|Any CPU.Build.0 = Debug|Any CPU
		{051D3E33-B79C-485A-BA62-0647DCE0A359}.Release|Any CPU.ActiveCfg = Release|Any CPU
		{051D3E33-B79C-485A-BA62-0647DCE0A359}.Release|Any CPU.Build.0 = Release|Any CPU
		{DC07CFA4-9BE1-4D4F-9C36-EB949BA27065}.Debug|Any CPU.ActiveCfg = Debug|Any CPU
		{DC07CFA4-9BE1-4D4F-9C36-EB949BA27065}.Debug|Any CPU.Build.0 = Debug|Any CPU
		{DC07CFA4-9BE1-4D4F-9C36-EB949BA27065}.Release|Any CPU.ActiveCfg = Release|Any CPU
		{DC07CFA4-9BE1-4D4F-9C36-EB949BA27065}.Release|Any CPU.Build.0 = Release|Any CPU
		{46C6ADFB-6F5B-453B-9D4A-045B1332A3EA}.Debug|Any CPU.ActiveCfg = Debug|Any CPU
		{46C6ADFB-6F5B-453B-9D4A-045B1332A3EA}.Debug|Any CPU.Build.0 = Debug|Any CPU
		{46C6ADFB-6F5B-453B-9D4A-045B1332A3EA}.Release|Any CPU.ActiveCfg = Release|Any CPU
		{46C6ADFB-6F5B-453B-9D4A-045B1332A3EA}.Release|Any CPU.Build.0 = Release|Any CPU
		{C17A3CF3-67BD-4BFA-9FE4-9B3F01A5BF9B}.Debug|Any CPU.ActiveCfg = Debug|Any CPU
		{C17A3CF3-67BD-4BFA-9FE4-9B3F01A5BF9B}.Debug|Any CPU.Build.0 = Debug|Any CPU
		{C17A3CF3-67BD-4BFA-9FE4-9B3F01A5BF9B}.Release|Any CPU.ActiveCfg = Release|Any CPU
		{C17A3CF3-67BD-4BFA-9FE4-9B3F01A5BF9B}.Release|Any CPU.Build.0 = Release|Any CPU
		{36996D4B-2A1E-4560-A2B4-2C8B8BD36996}.Debug|Any CPU.ActiveCfg = Debug|Any CPU
		{36996D4B-2A1E-4560-A2B4-2C8B8BD36996}.Debug|Any CPU.Build.0 = Debug|Any CPU
		{36996D4B-2A1E-4560-A2B4-2C8B8BD36996}.Release|Any CPU.ActiveCfg = Release|Any CPU
		{36996D4B-2A1E-4560-A2B4-2C8B8BD36996}.Release|Any CPU.Build.0 = Release|Any CPU
		{1DCA1278-7CFB-442C-B24E-03ADFADE039F}.Debug|Any CPU.ActiveCfg = Debug|Any CPU
		{1DCA1278-7CFB-442C-B24E-03ADFADE039F}.Debug|Any CPU.Build.0 = Debug|Any CPU
		{1DCA1278-7CFB-442C-B24E-03ADFADE039F}.Release|Any CPU.ActiveCfg = Release|Any CPU
		{1DCA1278-7CFB-442C-B24E-03ADFADE039F}.Release|Any CPU.Build.0 = Release|Any CPU
		{A963C9F5-0C1E-49E8-B5C0-AD2FBD4A3195}.Debug|Any CPU.ActiveCfg = Debug|Any CPU
		{A963C9F5-0C1E-49E8-B5C0-AD2FBD4A3195}.Debug|Any CPU.Build.0 = Debug|Any CPU
		{A963C9F5-0C1E-49E8-B5C0-AD2FBD4A3195}.Release|Any CPU.ActiveCfg = Release|Any CPU
		{A963C9F5-0C1E-49E8-B5C0-AD2FBD4A3195}.Release|Any CPU.Build.0 = Release|Any CPU
		{2555E3D2-486A-4AF1-B860-8D2719A03228}.Debug|Any CPU.ActiveCfg = Debug|Any CPU
		{2555E3D2-486A-4AF1-B860-8D2719A03228}.Debug|Any CPU.Build.0 = Debug|Any CPU
		{2555E3D2-486A-4AF1-B860-8D2719A03228}.Release|Any CPU.ActiveCfg = Release|Any CPU
		{2555E3D2-486A-4AF1-B860-8D2719A03228}.Release|Any CPU.Build.0 = Release|Any CPU
		{3CF85A7B-8CB3-44F6-A77D-F27C4087A9C6}.Debug|Any CPU.ActiveCfg = Debug|Any CPU
		{3CF85A7B-8CB3-44F6-A77D-F27C4087A9C6}.Debug|Any CPU.Build.0 = Debug|Any CPU
		{3CF85A7B-8CB3-44F6-A77D-F27C4087A9C6}.Release|Any CPU.ActiveCfg = Release|Any CPU
		{3CF85A7B-8CB3-44F6-A77D-F27C4087A9C6}.Release|Any CPU.Build.0 = Release|Any CPU
		{7A8A923E-801E-4D80-B8CA-85E22A1FC4B9}.Debug|Any CPU.ActiveCfg = Debug|Any CPU
		{7A8A923E-801E-4D80-B8CA-85E22A1FC4B9}.Debug|Any CPU.Build.0 = Debug|Any CPU
		{7A8A923E-801E-4D80-B8CA-85E22A1FC4B9}.Release|Any CPU.ActiveCfg = Release|Any CPU
		{7A8A923E-801E-4D80-B8CA-85E22A1FC4B9}.Release|Any CPU.Build.0 = Release|Any CPU
		{6D202A8B-3C1D-49DA-A303-50CBE85A1396}.Debug|Any CPU.ActiveCfg = Debug|Any CPU
		{6D202A8B-3C1D-49DA-A303-50CBE85A1396}.Debug|Any CPU.Build.0 = Debug|Any CPU
		{6D202A8B-3C1D-49DA-A303-50CBE85A1396}.Release|Any CPU.ActiveCfg = Release|Any CPU
		{6D202A8B-3C1D-49DA-A303-50CBE85A1396}.Release|Any CPU.Build.0 = Release|Any CPU
	EndGlobalSection
	GlobalSection(SolutionProperties) = preSolution
		HideSolutionNode = FALSE
	EndGlobalSection
	GlobalSection(NestedProjects) = preSolution
		{C97896A1-224D-4B96-B1BC-22E680BADE84} = {A2D63D6E-6D2C-45DD-A35B-418E3290A9AC}
		{21CCF5D9-4B2C-46B8-88D3-EE78273A2182} = {C97896A1-224D-4B96-B1BC-22E680BADE84}
		{7CBCA3F6-8CD8-4637-A80D-3F5E1B1BD732} = {C97896A1-224D-4B96-B1BC-22E680BADE84}
		{3D8A4E2C-2AF2-4E26-B37E-257FC7F43C55} = {C97896A1-224D-4B96-B1BC-22E680BADE84}
		{02EA681E-C7D8-13C7-8484-4AC65E1B71E8} = {A2D63D6E-6D2C-45DD-A35B-418E3290A9AC}
		{EF8D3037-251E-4D01-9494-442145878AC3} = {02EA681E-C7D8-13C7-8484-4AC65E1B71E8}
		{59795318-4770-4C57-92CA-B62140EDD86D} = {02EA681E-C7D8-13C7-8484-4AC65E1B71E8}
		{1075D72E-0D87-4DD6-9D02-D03CCD4E3DC3} = {02EA681E-C7D8-13C7-8484-4AC65E1B71E8}
		{6D694023-6FC5-48BA-8EEF-2450145E8882} = {02EA681E-C7D8-13C7-8484-4AC65E1B71E8}
		{051D3E33-B79C-485A-BA62-0647DCE0A359} = {C97896A1-224D-4B96-B1BC-22E680BADE84}
		{357D5C7D-1C7C-473F-BCED-B5E3CD470712} = {A2D63D6E-6D2C-45DD-A35B-418E3290A9AC}
		{DC07CFA4-9BE1-4D4F-9C36-EB949BA27065} = {357D5C7D-1C7C-473F-BCED-B5E3CD470712}
		{46C6ADFB-6F5B-453B-9D4A-045B1332A3EA} = {357D5C7D-1C7C-473F-BCED-B5E3CD470712}
		{C17A3CF3-67BD-4BFA-9FE4-9B3F01A5BF9B} = {357D5C7D-1C7C-473F-BCED-B5E3CD470712}
		{36996D4B-2A1E-4560-A2B4-2C8B8BD36996} = {357D5C7D-1C7C-473F-BCED-B5E3CD470712}
		{95D40E93-8A2F-4D76-882F-352A6B7CF666} = {A2D63D6E-6D2C-45DD-A35B-418E3290A9AC}
		{1DCA1278-7CFB-442C-B24E-03ADFADE039F} = {95D40E93-8A2F-4D76-882F-352A6B7CF666}
		{A963C9F5-0C1E-49E8-B5C0-AD2FBD4A3195} = {95D40E93-8A2F-4D76-882F-352A6B7CF666}
		{2555E3D2-486A-4AF1-B860-8D2719A03228} = {95D40E93-8A2F-4D76-882F-352A6B7CF666}
		{3CF85A7B-8CB3-44F6-A77D-F27C4087A9C6} = {95D40E93-8A2F-4D76-882F-352A6B7CF666}
		{7A8A923E-801E-4D80-B8CA-85E22A1FC4B9} = {69AE7A38-3AC2-451B-B324-63C170EE2231}
		{6D202A8B-3C1D-49DA-A303-50CBE85A1396} = {69AE7A38-3AC2-451B-B324-63C170EE2231}
	EndGlobalSection
	GlobalSection(ExtensibilityGlobals) = postSolution
		SolutionGuid = {96AF9E7D-2AEA-48BD-90DC-CD19E3D0D014}
	EndGlobalSection
EndGlobal
